
Microsoft Visual Studio Solution File, Format Version 12.00
# Visual Studio Version 17
VisualStudioVersion = 17.1.32210.238
MinimumVisualStudioVersion = 10.0.40219.1
Project("{FAE04EC0-301F-11D3-BF4B-00C04F79EFBC}") = "PersianStemmer", "PersianStemmer.csproj", "{04C2E7C2-A6A1-47AE-8CD8-D513A26FA7B1}"
EndProject
Project("{FAE04EC0-301F-11D3-BF4B-00C04F79EFBC}") = "PersianStemmer.Tests", "..\PersianStemmer.Tests\PersianStemmer.Tests.csproj", "{8F9D2430-5F83-45C9-9EB1-9A417CFBCC36}"
EndProject
Global
	GlobalSection(SolutionConfigurationPlatforms) = preSolution
		Debug|Any CPU = Debug|Any CPU
		Release|Any CPU = Release|Any CPU
	EndGlobalSection
	GlobalSection(ProjectConfigurationPlatforms) = postSolution
		{04C2E7C2-A6A1-47AE-8CD8-D513A26FA7B1}.Debug|Any CPU.ActiveCfg = Debug|Any CPU
		{04C2E7C2-A6A1-47AE-8CD8-D513A26FA7B1}.Debug|Any CPU.Build.0 = Debug|Any CPU
		{04C2E7C2-A6A1-47AE-8CD8-D513A26FA7B1}.Release|Any CPU.ActiveCfg = Release|Any CPU
		{04C2E7C2-A6A1-47AE-8CD8-D513A26FA7B1}.Release|Any CPU.Build.0 = Release|Any CPU
		{8F9D2430-5F83-45C9-9EB1-9A417CFBCC36}.Debug|Any CPU.ActiveCfg = Debug|Any CPU
		{8F9D2430-5F83-45C9-9EB1-9A417CFBCC36}.Debug|Any CPU.Build.0 = Debug|Any CPU
		{8F9D2430-5F83-45C9-9EB1-9A417CFBCC36}.Release|Any CPU.ActiveCfg = Release|Any CPU
		{8F9D2430-5F83-45C9-9EB1-9A417CFBCC36}.Release|Any CPU.Build.0 = Release|Any CPU
	EndGlobalSection
	GlobalSection(SolutionProperties) = preSolution
		HideSolutionNode = FALSE
	EndGlobalSection
	GlobalSection(ExtensibilityGlobals) = postSolution
		SolutionGuid = {FD9EAB8D-8820-4CC4-A3CA-30B89E2871C0}
	EndGlobalSection
EndGlobal
